// !$*UTF8*$!
{
	archiveVersion = 1;
	classes = {
	};
	objectVersion = 46;
	objects = {

/* Begin PBXBuildFile section */
		572690261DE74888003F7F9E /* client.cpp in Sources */ = {isa = PBXBuildFile; fileRef = 572690241DE74888003F7F9E /* client.cpp */; };
		57AFE9931DE38F6B0086F293 /* main.cpp in Sources */ = {isa = PBXBuildFile; fileRef = 57AFE9921DE38F6B0086F293 /* main.cpp */; };
		57AFE99B1DE38F880086F293 /* Server.cpp in Sources */ = {isa = PBXBuildFile; fileRef = 57AFE9991DE38F880086F293 /* Server.cpp */; };
/* End PBXBuildFile section */

/* Begin PBXCopyFilesBuildPhase section */
		57AFE98D1DE38F6B0086F293 /* CopyFiles */ = {
			isa = PBXCopyFilesBuildPhase;
			buildActionMask = 2147483647;
			dstPath = /usr/share/man/man1/;
			dstSubfolderSpec = 0;
			files = (
			);
			runOnlyForDeploymentPostprocessing = 1;
		};
/* End PBXCopyFilesBuildPhase section */

/* Begin PBXFileReference section */
		572690241DE74888003F7F9E /* client.cpp */ = {isa = PBXFileReference; fileEncoding = 4; lastKnownFileType = sourcecode.cpp.cpp; path = client.cpp; sourceTree = "<group>"; };
		572690251DE74888003F7F9E /* client.hpp */ = {isa = PBXFileReference; fileEncoding = 4; lastKnownFileType = sourcecode.cpp.h; path = client.hpp; sourceTree = "<group>"; };
		572690271DE74CC7003F7F9E /* inetheader.h */ = {isa = PBXFileReference; lastKnownFileType = sourcecode.c.h; path = inetheader.h; sourceTree = "<group>"; };
		57AFE98F1DE38F6B0086F293 /* chatserver */ = {isa = PBXFileReference; explicitFileType = "compiled.mach-o.executable"; includeInIndex = 0; path = chatserver; sourceTree = BUILT_PRODUCTS_DIR; };
		57AFE9921DE38F6B0086F293 /* main.cpp */ = {isa = PBXFileReference; lastKnownFileType = sourcecode.cpp.cpp; path = main.cpp; sourceTree = "<group>"; };
		57AFE9991DE38F880086F293 /* Server.cpp */ = {isa = PBXFileReference; fileEncoding = 4; lastKnownFileType = sourcecode.cpp.cpp; path = Server.cpp; sourceTree = "<group>"; };
		57AFE99A1DE38F880086F293 /* Server.hpp */ = {isa = PBXFileReference; fileEncoding = 4; lastKnownFileType = sourcecode.cpp.h; path = Server.hpp; sourceTree = "<group>"; };
/* End PBXFileReference section */

/* Begin PBXFrameworksBuildPhase section */
		57AFE98C1DE38F6B0086F293 /* Frameworks */ = {
			isa = PBXFrameworksBuildPhase;
			buildActionMask = 2147483647;
			files = (
			);
			runOnlyForDeploymentPostprocessing = 0;
		};
/* End PBXFrameworksBuildPhase section */

/* Begin PBXGroup section */
		57AFE9861DE38F6B0086F293 = {
			isa = PBXGroup;
			children = (
				57AFE9911DE38F6B0086F293 /* chatserver */,
				57AFE9901DE38F6B0086F293 /* Products */,
			);
			sourceTree = "<group>";
		};
		57AFE9901DE38F6B0086F293 /* Products */ = {
			isa = PBXGroup;
			children = (
				57AFE98F1DE38F6B0086F293 /* chatserver */,
			);
			name = Products;
			sourceTree = "<group>";
		};
		57AFE9911DE38F6B0086F293 /* chatserver */ = {
			isa = PBXGroup;
			children = (
				57AFE9921DE38F6B0086F293 /* main.cpp */,
				572690271DE74CC7003F7F9E /* inetheader.h */,
				57AFE9991DE38F880086F293 /* Server.cpp */,
				572690241DE74888003F7F9E /* client.cpp */,
				572690251DE74888003F7F9E /* client.hpp */,
				57AFE99A1DE38F880086F293 /* Server.hpp */,
			);
			path = chatserver;
			sourceTree = "<group>";
		};
/* End PBXGroup section */

/* Begin PBXNativeTarget section */
		57AFE98E1DE38F6B0086F293 /* chatserver */ = {
			isa = PBXNativeTarget;
			buildConfigurationList = 57AFE9961DE38F6B0086F293 /* Build configuration list for PBXNativeTarget "chatserver" */;
			buildPhases = (
				57AFE98B1DE38F6B0086F293 /* Sources */,
				57AFE98C1DE38F6B0086F293 /* Frameworks */,
				57AFE98D1DE38F6B0086F293 /* CopyFiles */,
			);
			buildRules = (
			);
			dependencies = (
			);
			name = chatserver;
			productName = chatserver;
			productReference = 57AFE98F1DE38F6B0086F293 /* chatserver */;
			productType = "com.apple.product-type.tool";
		};
/* End PBXNativeTarget section */

/* Begin PBXProject section */
		57AFE9871DE38F6B0086F293 /* Project object */ = {
			isa = PBXProject;
			attributes = {
				LastUpgradeCheck = 0720;
				ORGANIZATIONNAME = practice;
				TargetAttributes = {
					57AFE98E1DE38F6B0086F293 = {
						CreatedOnToolsVersion = 7.2;
					};
				};
			};
			buildConfigurationList = 57AFE98A1DE38F6B0086F293 /* Build configuration list for PBXProject "chatserver" */;
			compatibilityVersion = "Xcode 3.2";
			developmentRegion = English;
			hasScannedForEncodings = 0;
			knownRegions = (
				en,
			);
			mainGroup = 57AFE9861DE38F6B0086F293;
			productRefGroup = 57AFE9901DE38F6B0086F293 /* Products */;
			projectDirPath = "";
			projectRoot = "";
			targets = (
				57AFE98E1DE38F6B0086F293 /* chatserver */,
			);
		};
/* End PBXProject section */

/* Begin PBXSourcesBuildPhase section */
		57AFE98B1DE38F6B0086F293 /* Sources */ = {
			isa = PBXSourcesBuildPhase;
			buildActionMask = 2147483647;
			files = (
				57AFE99B1DE38F880086F293 /* Server.cpp in Sources */,
				57AFE9931DE38F6B0086F293 /* main.cpp in Sources */,
				572690261DE74888003F7F9E /* client.cpp in Sources */,
			);
			runOnlyForDeploymentPostprocessing = 0;
		};
/* End PBXSourcesBuildPhase section */

/* Begin XCBuildConfiguration section */
		57AFE9941DE38F6B0086F293 /* Debug */ = {
			isa = XCBuildConfiguration;
			buildSettings = {
				ALWAYS_SEARCH_USER_PATHS = NO;
				CLANG_CXX_LANGUAGE_STANDARD = "gnu++0x";
				CLANG_CXX_LIBRARY = "libc++";
				CLANG_ENABLE_MODULES = YES;
				CLANG_ENABLE_OBJC_ARC = YES;
				CLANG_WARN_BOOL_CONVERSION = YES;
				CLANG_WARN_CONSTANT_CONVERSION = YES;
				CLANG_WARN_DIRECT_OBJC_ISA_USAGE = YES_ERROR;
				CLANG_WARN_EMPTY_BODY = YES;
				CLANG_WARN_ENUM_CONVERSION = YES;
				CLANG_WARN_INT_CONVERSION = YES;
				CLANG_WARN_OBJC_ROOT_CLASS = YES_ERROR;
				CLANG_WARN_UNREACHABLE_CODE = YES;
				CLANG_WARN__DUPLICATE_METHOD_MATCH = YES;
				CODE_SIGN_IDENTITY = "-";
				COPY_PHASE_STRIP = NO;
				DEBUG_INFORMATION_FORMAT = dwarf;
				ENABLE_STRICT_OBJC_MSGSEND = YES;
				ENABLE_TESTABILITY = YES;
				GCC_C_LANGUAGE_STANDARD = gnu99;
				GCC_DYNAMIC_NO_PIC = NO;
				GCC_NO_COMMON_BLOCKS = YES;
				GCC_OPTIMIZATION_LEVEL = 0;
				GCC_PREPROCESSOR_DEFINITIONS = (
					"DEBUG=1",
					"$(inherited)",
				);
				GCC_WARN_64_TO_32_BIT_CONVERSION = YES;
				GCC_WARN_ABOUT_RETURN_TYPE = YES_ERROR;
				GCC_WARN_UNDECLARED_SELECTOR = YES;
				GCC_WARN_UNINITIALIZED_AUTOS = YES_AGGRESSIVE;
				GCC_WARN_UNUSED_FUNCTION = YES;
				GCC_WARN_UNUSED_VARIABLE = YES;
				MACOSX_DEPLOYMENT_TARGET = 10.11;
				MTL_ENABLE_DEBUG_INFO = YES;
				ONLY_ACTIVE_ARCH = YES;
				SDKROOT = macosx;
			};
			name = Debug;
		};
		57AFE9951DE38F6B0086F293 /* Release */ = {
			isa = XCBuildConfiguration;
			buildSettings = {
				ALWAYS_SEARCH_USER_PATHS = NO;
				CLANG_CXX_LANGUAGE_STANDARD = "gnu++0x";
				CLANG_CXX_LIBRARY = "libc++";
				CLANG_ENABLE_MODULES = YES;
				CLANG_ENABLE_OBJC_ARC = YES;
				CLANG_WARN_BOOL_CONVERSION = YES;
				CLANG_WARN_CONSTANT_CONVERSION = YES;
				CLANG_WARN_DIRECT_OBJC_ISA_USAGE = YES_ERROR;
				CLANG_WARN_EMPTY_BODY = YES;
				CLANG_WARN_ENUM_CONVERSION = YES;
				CLANG_WARN_INT_CONVERSION = YES;
				CLANG_WARN_OBJC_ROOT_CLASS = YES_ERROR;
				CLANG_WARN_UNREACHABLE_CODE = YES;
				CLANG_WARN__DUPLICATE_METHOD_MATCH = YES;
				CODE_SIGN_IDENTITY = "-";
				COPY_PHASE_STRIP = NO;
				DEBUG_INFORMATION_FORMAT = "dwarf-with-dsym";
				ENABLE_NS_ASSERTIONS = NO;
				ENABLE_STRICT_OBJC_MSGSEND = YES;
				GCC_C_LANGUAGE_STANDARD = gnu99;
				GCC_NO_COMMON_BLOCKS = YES;
				GCC_WARN_64_TO_32_BIT_CONVERSION = YES;
				GCC_WARN_ABOUT_RETURN_TYPE = YES_ERROR;
				GCC_WARN_UNDECLARED_SELECTOR = YES;
				GCC_WARN_UNINITIALIZED_AUTOS = YES_AGGRESSIVE;
				GCC_WARN_UNUSED_FUNCTION = YES;
				GCC_WARN_UNUSED_VARIABLE = YES;
				MACOSX_DEPLOYMENT_TARGET = 10.11;
				MTL_ENABLE_DEBUG_INFO = NO;
				SDKROOT = macosx;
			};
			name = Release;
		};
		57AFE9971DE38F6B0086F293 /* Debug */ = {
			isa = XCBuildConfiguration;
			buildSettings = {
				PRODUCT_NAME = "$(TARGET_NAME)";
			};
			name = Debug;
		};
		57AFE9981DE38F6B0086F293 /* Release */ = {
			isa = XCBuildConfiguration;
			buildSettings = {
				PRODUCT_NAME = "$(TARGET_NAME)";
			};
			name = Release;
		};
/* End XCBuildConfiguration section */

/* Begin XCConfigurationList section */
		57AFE98A1DE38F6B0086F293 /* Build configuration list for PBXProject "chatserver" */ = {
			isa = XCConfigurationList;
			buildConfigurations = (
				57AFE9941DE38F6B0086F293 /* Debug */,
				57AFE9951DE38F6B0086F293 /* Release */,
			);
			defaultConfigurationIsVisible = 0;
			defaultConfigurationName = Release;
		};
		57AFE9961DE38F6B0086F293 /* Build configuration list for PBXNativeTarget "chatserver" */ = {
			isa = XCConfigurationList;
			buildConfigurations = (
				57AFE9971DE38F6B0086F293 /* Debug */,
				57AFE9981DE38F6B0086F293 /* Release */,
			);
			defaultConfigurationIsVisible = 0;
			defaultConfigurationName = Release;
		};
/* End XCConfigurationList section */
	};
	rootObject = 57AFE9871DE38F6B0086F293 /* Project object */;
}
